{
  "name": "leetcode",
  "version": "1.0.0",
  "lockfileVersion": 2,
  "requires": true,
  "packages": {
    "": {
      "name": "leetcode",
      "version": "1.0.0",
      "license": "ISC",
      "dependencies": {
        "typescript": "^5.0.0-dev.20221117"
      }
    },
    "node_modules/typescript": {
      "version": "5.0.0-dev.20221117",
      "resolved": "https://registry.npmjs.org/typescript/-/typescript-5.0.0-dev.20221117.tgz",
      "integrity": "sha512-ey3t3RLhzH/bqAbH9oC0G6oV2B0tr8uWPkf5pjdxuQJq7l1EzToizBl7zSZAnY4q21iXyGSTGCgUqhYva+wu5Q==",
      "bin": {
        "tsc": "bin/tsc",
        "tsserver": "bin/tsserver"
      },
      "engines": {
        "node": ">=4.2.0"
      }
    }
  },
  "dependencies": {
    "typescript": {
      "version": "5.0.0-dev.20221117",
      "resolved": "https://registry.npmjs.org/typescript/-/typescript-5.0.0-dev.20221117.tgz",
      "integrity": "sha512-ey3t3RLhzH/bqAbH9oC0G6oV2B0tr8uWPkf5pjdxuQJq7l1EzToizBl7zSZAnY4q21iXyGSTGCgUqhYva+wu5Q=="
    }
  }
}
